
Microsoft Visual Studio Solution File, Format Version 12.00
# Visual Studio Version 16
VisualStudioVersion = 16.0.30804.86
MinimumVisualStudioVersion = 10.0.40219.1
Project("{FAE04EC0-301F-11D3-BF4B-00C04F79EFBC}") = "HotStatus", "HotStatus\HotStatus.csproj", "{506F6F5A-FBCF-4E89-AFE2-5D33B80DEC2B}"
EndProject
Global
	GlobalSection(SolutionConfigurationPlatforms) = preSolution
		Debug|Any CPU = Debug|Any CPU
		Release|Any CPU = Release|Any CPU
	EndGlobalSection
	GlobalSection(ProjectConfigurationPlatforms) = postSolution
		{506F6F5A-FBCF-4E89-AFE2-5D33B80DEC2B}.Debug|Any CPU.ActiveCfg = Debug|Any CPU
		{506F6F5A-FBCF-4E89-AFE2-5D33B80DEC2B}.Debug|Any CPU.Build.0 = Debug|Any CPU
		{506F6F5A-FBCF-4E89-AFE2-5D33B80DEC2B}.Release|Any CPU.ActiveCfg = Release|Any CPU
		{506F6F5A-FBCF-4E89-AFE2-5D33B80DEC2B}.Release|Any CPU.Build.0 = Release|Any CPU
	EndGlobalSection
	GlobalSection(SolutionProperties) = preSolution
		HideSolutionNode = FALSE
	EndGlobalSection
	GlobalSection(ExtensibilityGlobals) = postSolution
		SolutionGuid = {3EF2E712-229E-4F80-A151-79C93D3F8EC6}
	EndGlobalSection
EndGlobal
